// !$*UTF8*$!
{
	archiveVersion = 1;
	classes = {
	};
	objectVersion = 46;
	objects = {

/* Begin PBXBuildFile section */
		E01084D31B7F3D4300097E2D /* AppDelegate.swift in Sources */ = {isa = PBXBuildFile; fileRef = E01084D21B7F3D4300097E2D /* AppDelegate.swift */; };
		E01084D61B7F3D4300097E2D /* Riderz.xcdatamodeld in Sources */ = {isa = PBXBuildFile; fileRef = E01084D41B7F3D4300097E2D /* Riderz.xcdatamodeld */; };
		E01084D81B7F3D4300097E2D /* ViewController.swift in Sources */ = {isa = PBXBuildFile; fileRef = E01084D71B7F3D4300097E2D /* ViewController.swift */; };
		E01084DB1B7F3D4300097E2D /* Main.storyboard in Resources */ = {isa = PBXBuildFile; fileRef = E01084D91B7F3D4300097E2D /* Main.storyboard */; };
		E01084DD1B7F3D4300097E2D /* Images.xcassets in Resources */ = {isa = PBXBuildFile; fileRef = E01084DC1B7F3D4300097E2D /* Images.xcassets */; };
		E01084E01B7F3D4300097E2D /* LaunchScreen.xib in Resources */ = {isa = PBXBuildFile; fileRef = E01084DE1B7F3D4300097E2D /* LaunchScreen.xib */; };
		E01084EC1B7F3D4300097E2D /* RiderzTests.swift in Sources */ = {isa = PBXBuildFile; fileRef = E01084EB1B7F3D4300097E2D /* RiderzTests.swift */; };
		E01084FF1B7F3D5C00097E2D /* InterfaceController.swift in Sources */ = {isa = PBXBuildFile; fileRef = E01084FE1B7F3D5C00097E2D /* InterfaceController.swift */; };
		E01085011B7F3D5C00097E2D /* NotificationController.swift in Sources */ = {isa = PBXBuildFile; fileRef = E01085001B7F3D5C00097E2D /* NotificationController.swift */; };
		E01085031B7F3D5C00097E2D /* Images.xcassets in Resources */ = {isa = PBXBuildFile; fileRef = E01085021B7F3D5C00097E2D /* Images.xcassets */; };
		E01085071B7F3D5C00097E2D /* Riderz WatchKit App.app in Resources */ = {isa = PBXBuildFile; fileRef = E01085061B7F3D5C00097E2D /* Riderz WatchKit App.app */; };
		E010850F1B7F3D5C00097E2D /* Interface.storyboard in Resources */ = {isa = PBXBuildFile; fileRef = E010850D1B7F3D5C00097E2D /* Interface.storyboard */; };
		E01085111B7F3D5C00097E2D /* Images.xcassets in Resources */ = {isa = PBXBuildFile; fileRef = E01085101B7F3D5C00097E2D /* Images.xcassets */; };
		E01085141B7F3D5C00097E2D /* Riderz WatchKit Extension.appex in Embed App Extensions */ = {isa = PBXBuildFile; fileRef = E01084F91B7F3D5B00097E2D /* Riderz WatchKit Extension.appex */; settings = {ATTRIBUTES = (RemoveHeadersOnCopy, ); }; };
/* End PBXBuildFile section */

/* Begin PBXContainerItemProxy section */
		E01084E61B7F3D4300097E2D /* PBXContainerItemProxy */ = {
			isa = PBXContainerItemProxy;
			containerPortal = E01084C51B7F3D4300097E2D /* Project object */;
			proxyType = 1;
			remoteGlobalIDString = E01084CC1B7F3D4300097E2D;
			remoteInfo = Riderz;
		};
		E01085081B7F3D5C00097E2D /* PBXContainerItemProxy */ = {
			isa = PBXContainerItemProxy;
			containerPortal = E01084C51B7F3D4300097E2D /* Project object */;
			proxyType = 1;
			remoteGlobalIDString = E01085051B7F3D5C00097E2D;
			remoteInfo = "Riderz WatchKit App";
		};
		E01085121B7F3D5C00097E2D /* PBXContainerItemProxy */ = {
			isa = PBXContainerItemProxy;
			containerPortal = E01084C51B7F3D4300097E2D /* Project object */;
			proxyType = 1;
			remoteGlobalIDString = E01084F81B7F3D5B00097E2D;
			remoteInfo = "Riderz WatchKit Extension";
		};
/* End PBXContainerItemProxy section */

/* Begin PBXCopyFilesBuildPhase section */
		E010851B1B7F3D5C00097E2D /* Embed App Extensions */ = {
			isa = PBXCopyFilesBuildPhase;
			buildActionMask = 2147483647;
			dstPath = "";
			dstSubfolderSpec = 13;
			files = (
				E01085141B7F3D5C00097E2D /* Riderz WatchKit Extension.appex in Embed App Extensions */,
			);
			name = "Embed App Extensions";
			runOnlyForDeploymentPostprocessing = 0;
		};
/* End PBXCopyFilesBuildPhase section */

/* Begin PBXFileReference section */
		0774C8911B7F75F80005B519 /* Riderz-Bridging-Header.h */ = {isa = PBXFileReference; lastKnownFileType = sourcecode.c.h; path = "Riderz-Bridging-Header.h"; sourceTree = "<group>"; };
		0774C8921B7F75F80005B519 /* Bridge.h */ = {isa = PBXFileReference; fileEncoding = 4; lastKnownFileType = sourcecode.c.h; path = Bridge.h; sourceTree = "<group>"; };
		E01084CD1B7F3D4300097E2D /* Riderz.app */ = {isa = PBXFileReference; explicitFileType = wrapper.application; includeInIndex = 0; path = Riderz.app; sourceTree = BUILT_PRODUCTS_DIR; };
		E01084D11B7F3D4300097E2D /* Info.plist */ = {isa = PBXFileReference; lastKnownFileType = text.plist.xml; path = Info.plist; sourceTree = "<group>"; };
		E01084D21B7F3D4300097E2D /* AppDelegate.swift */ = {isa = PBXFileReference; lastKnownFileType = sourcecode.swift; path = AppDelegate.swift; sourceTree = "<group>"; };
		E01084D51B7F3D4300097E2D /* Riderz.xcdatamodel */ = {isa = PBXFileReference; lastKnownFileType = wrapper.xcdatamodel; path = Riderz.xcdatamodel; sourceTree = "<group>"; };
		E01084D71B7F3D4300097E2D /* ViewController.swift */ = {isa = PBXFileReference; lastKnownFileType = sourcecode.swift; path = ViewController.swift; sourceTree = "<group>"; };
		E01084DA1B7F3D4300097E2D /* Base */ = {isa = PBXFileReference; lastKnownFileType = file.storyboard; name = Base; path = Base.lproj/Main.storyboard; sourceTree = "<group>"; };
		E01084DC1B7F3D4300097E2D /* Images.xcassets */ = {isa = PBXFileReference; lastKnownFileType = folder.assetcatalog; path = Images.xcassets; sourceTree = "<group>"; };
		E01084DF1B7F3D4300097E2D /* Base */ = {isa = PBXFileReference; lastKnownFileType = file.xib; name = Base; path = Base.lproj/LaunchScreen.xib; sourceTree = "<group>"; };
		E01084E51B7F3D4300097E2D /* RiderzTests.xctest */ = {isa = PBXFileReference; explicitFileType = wrapper.cfbundle; includeInIndex = 0; path = RiderzTests.xctest; sourceTree = BUILT_PRODUCTS_DIR; };
		E01084EA1B7F3D4300097E2D /* Info.plist */ = {isa = PBXFileReference; lastKnownFileType = text.plist.xml; path = Info.plist; sourceTree = "<group>"; };
		E01084EB1B7F3D4300097E2D /* RiderzTests.swift */ = {isa = PBXFileReference; lastKnownFileType = sourcecode.swift; path = RiderzTests.swift; sourceTree = "<group>"; };
		E01084F91B7F3D5B00097E2D /* Riderz WatchKit Extension.appex */ = {isa = PBXFileReference; explicitFileType = "wrapper.app-extension"; includeInIndex = 0; path = "Riderz WatchKit Extension.appex"; sourceTree = BUILT_PRODUCTS_DIR; };
		E01084FC1B7F3D5B00097E2D /* Info.plist */ = {isa = PBXFileReference; lastKnownFileType = text.plist.xml; path = Info.plist; sourceTree = "<group>"; };
		E01084FD1B7F3D5C00097E2D /* PushNotificationPayload.apns */ = {isa = PBXFileReference; lastKnownFileType = text; path = PushNotificationPayload.apns; sourceTree = "<group>"; };
		E01084FE1B7F3D5C00097E2D /* InterfaceController.swift */ = {isa = PBXFileReference; lastKnownFileType = sourcecode.swift; path = InterfaceController.swift; sourceTree = "<group>"; };
		E01085001B7F3D5C00097E2D /* NotificationController.swift */ = {isa = PBXFileReference; lastKnownFileType = sourcecode.swift; path = NotificationController.swift; sourceTree = "<group>"; };
		E01085021B7F3D5C00097E2D /* Images.xcassets */ = {isa = PBXFileReference; lastKnownFileType = folder.assetcatalog; path = Images.xcassets; sourceTree = "<group>"; };
		E01085061B7F3D5C00097E2D /* Riderz WatchKit App.app */ = {isa = PBXFileReference; explicitFileType = wrapper.application; includeInIndex = 0; path = "Riderz WatchKit App.app"; sourceTree = BUILT_PRODUCTS_DIR; };
		E010850C1B7F3D5C00097E2D /* Info.plist */ = {isa = PBXFileReference; lastKnownFileType = text.plist.xml; path = Info.plist; sourceTree = "<group>"; };
		E010850E1B7F3D5C00097E2D /* Base */ = {isa = PBXFileReference; lastKnownFileType = file.storyboard; name = Base; path = Base.lproj/Interface.storyboard; sourceTree = "<group>"; };
		E01085101B7F3D5C00097E2D /* Images.xcassets */ = {isa = PBXFileReference; lastKnownFileType = folder.assetcatalog; path = Images.xcassets; sourceTree = "<group>"; };
/* End PBXFileReference section */

/* Begin PBXFrameworksBuildPhase section */
		E01084CA1B7F3D4300097E2D /* Frameworks */ = {
			isa = PBXFrameworksBuildPhase;
			buildActionMask = 2147483647;
			files = (
			);
			runOnlyForDeploymentPostprocessing = 0;
		};
		E01084E21B7F3D4300097E2D /* Frameworks */ = {
			isa = PBXFrameworksBuildPhase;
			buildActionMask = 2147483647;
			files = (
			);
			runOnlyForDeploymentPostprocessing = 0;
		};
		E01084F61B7F3D5B00097E2D /* Frameworks */ = {
			isa = PBXFrameworksBuildPhase;
			buildActionMask = 2147483647;
			files = (
			);
			runOnlyForDeploymentPostprocessing = 0;
		};
/* End PBXFrameworksBuildPhase section */

/* Begin PBXGroup section */
		E01084C41B7F3D4300097E2D = {
			isa = PBXGroup;
			children = (
				E01084CF1B7F3D4300097E2D /* Riderz */,
				E01084E81B7F3D4300097E2D /* RiderzTests */,
				E01084FA1B7F3D5B00097E2D /* Riderz WatchKit Extension */,
				E010850A1B7F3D5C00097E2D /* Riderz WatchKit App */,
				E01084CE1B7F3D4300097E2D /* Products */,
			);
			sourceTree = "<group>";
		};
		E01084CE1B7F3D4300097E2D /* Products */ = {
			isa = PBXGroup;
			children = (
				E01084CD1B7F3D4300097E2D /* Riderz.app */,
				E01084E51B7F3D4300097E2D /* RiderzTests.xctest */,
				E01084F91B7F3D5B00097E2D /* Riderz WatchKit Extension.appex */,
				E01085061B7F3D5C00097E2D /* Riderz WatchKit App.app */,
			);
			name = Products;
			sourceTree = "<group>";
		};
		E01084CF1B7F3D4300097E2D /* Riderz */ = {
			isa = PBXGroup;
			children = (
				E01084D21B7F3D4300097E2D /* AppDelegate.swift */,
				E01084D71B7F3D4300097E2D /* ViewController.swift */,
				E01084D91B7F3D4300097E2D /* Main.storyboard */,
				0774C8921B7F75F80005B519 /* Bridge.h */,
				E01084DC1B7F3D4300097E2D /* Images.xcassets */,
				E01084DE1B7F3D4300097E2D /* LaunchScreen.xib */,
				E01084D41B7F3D4300097E2D /* Riderz.xcdatamodeld */,
				E01084D01B7F3D4300097E2D /* Supporting Files */,
				0774C8911B7F75F80005B519 /* Riderz-Bridging-Header.h */,
			);
			path = Riderz;
			sourceTree = "<group>";
		};
		E01084D01B7F3D4300097E2D /* Supporting Files */ = {
			isa = PBXGroup;
			children = (
				E01084D11B7F3D4300097E2D /* Info.plist */,
			);
			name = "Supporting Files";
			sourceTree = "<group>";
		};
		E01084E81B7F3D4300097E2D /* RiderzTests */ = {
			isa = PBXGroup;
			children = (
				E01084EB1B7F3D4300097E2D /* RiderzTests.swift */,
				E01084E91B7F3D4300097E2D /* Supporting Files */,
			);
			path = RiderzTests;
			sourceTree = "<group>";
		};
		E01084E91B7F3D4300097E2D /* Supporting Files */ = {
			isa = PBXGroup;
			children = (
				E01084EA1B7F3D4300097E2D /* Info.plist */,
			);
			name = "Supporting Files";
			sourceTree = "<group>";
		};
		E01084FA1B7F3D5B00097E2D /* Riderz WatchKit Extension */ = {
			isa = PBXGroup;
			children = (
				E01084FE1B7F3D5C00097E2D /* InterfaceController.swift */,
				E01085001B7F3D5C00097E2D /* NotificationController.swift */,
				E01085021B7F3D5C00097E2D /* Images.xcassets */,
				E01084FB1B7F3D5B00097E2D /* Supporting Files */,
			);
			path = "Riderz WatchKit Extension";
			sourceTree = "<group>";
		};
		E01084FB1B7F3D5B00097E2D /* Supporting Files */ = {
			isa = PBXGroup;
			children = (
				E01084FC1B7F3D5B00097E2D /* Info.plist */,
				E01084FD1B7F3D5C00097E2D /* PushNotificationPayload.apns */,
			);
			name = "Supporting Files";
			sourceTree = "<group>";
		};
		E010850A1B7F3D5C00097E2D /* Riderz WatchKit App */ = {
			isa = PBXGroup;
			children = (
				E010850D1B7F3D5C00097E2D /* Interface.storyboard */,
				E01085101B7F3D5C00097E2D /* Images.xcassets */,
				E010850B1B7F3D5C00097E2D /* Supporting Files */,
			);
			path = "Riderz WatchKit App";
			sourceTree = "<group>";
		};
		E010850B1B7F3D5C00097E2D /* Supporting Files */ = {
			isa = PBXGroup;
			children = (
				E010850C1B7F3D5C00097E2D /* Info.plist */,
			);
			name = "Supporting Files";
			sourceTree = "<group>";
		};
/* End PBXGroup section */

/* Begin PBXNativeTarget section */
		E01084CC1B7F3D4300097E2D /* Riderz */ = {
			isa = PBXNativeTarget;
			buildConfigurationList = E01084EF1B7F3D4300097E2D /* Build configuration list for PBXNativeTarget "Riderz" */;
			buildPhases = (
				E01084C91B7F3D4300097E2D /* Sources */,
				E01084CA1B7F3D4300097E2D /* Frameworks */,
				E01084CB1B7F3D4300097E2D /* Resources */,
				E010851B1B7F3D5C00097E2D /* Embed App Extensions */,
			);
			buildRules = (
			);
			dependencies = (
				E01085131B7F3D5C00097E2D /* PBXTargetDependency */,
			);
			name = Riderz;
			productName = Riderz;
			productReference = E01084CD1B7F3D4300097E2D /* Riderz.app */;
			productType = "com.apple.product-type.application";
		};
		E01084E41B7F3D4300097E2D /* RiderzTests */ = {
			isa = PBXNativeTarget;
			buildConfigurationList = E01084F21B7F3D4300097E2D /* Build configuration list for PBXNativeTarget "RiderzTests" */;
			buildPhases = (
				E01084E11B7F3D4300097E2D /* Sources */,
				E01084E21B7F3D4300097E2D /* Frameworks */,
				E01084E31B7F3D4300097E2D /* Resources */,
			);
			buildRules = (
			);
			dependencies = (
				E01084E71B7F3D4300097E2D /* PBXTargetDependency */,
			);
			name = RiderzTests;
			productName = RiderzTests;
			productReference = E01084E51B7F3D4300097E2D /* RiderzTests.xctest */;
			productType = "com.apple.product-type.bundle.unit-test";
		};
		E01084F81B7F3D5B00097E2D /* Riderz WatchKit Extension */ = {
			isa = PBXNativeTarget;
			buildConfigurationList = E01085181B7F3D5C00097E2D /* Build configuration list for PBXNativeTarget "Riderz WatchKit Extension" */;
			buildPhases = (
				E01084F51B7F3D5B00097E2D /* Sources */,
				E01084F61B7F3D5B00097E2D /* Frameworks */,
				E01084F71B7F3D5B00097E2D /* Resources */,
			);
			buildRules = (
			);
			dependencies = (
				E01085091B7F3D5C00097E2D /* PBXTargetDependency */,
			);
			name = "Riderz WatchKit Extension";
			productName = "Riderz WatchKit Extension";
			productReference = E01084F91B7F3D5B00097E2D /* Riderz WatchKit Extension.appex */;
			productType = "com.apple.product-type.watchkit-extension";
		};
		E01085051B7F3D5C00097E2D /* Riderz WatchKit App */ = {
			isa = PBXNativeTarget;
			buildConfigurationList = E01085151B7F3D5C00097E2D /* Build configuration list for PBXNativeTarget "Riderz WatchKit App" */;
			buildPhases = (
				E01085041B7F3D5C00097E2D /* Resources */,
			);
			buildRules = (
			);
			dependencies = (
			);
			name = "Riderz WatchKit App";
			productName = "Riderz WatchKit App";
			productReference = E01085061B7F3D5C00097E2D /* Riderz WatchKit App.app */;
			productType = "com.apple.product-type.application.watchapp";
		};
/* End PBXNativeTarget section */

/* Begin PBXProject section */
		E01084C51B7F3D4300097E2D /* Project object */ = {
			isa = PBXProject;
			attributes = {
				LastUpgradeCheck = 0640;
				ORGANIZATIONNAME = "Rodolfo Castillo";
				TargetAttributes = {
					E01084CC1B7F3D4300097E2D = {
						CreatedOnToolsVersion = 6.4;
					};
					E01084E41B7F3D4300097E2D = {
						CreatedOnToolsVersion = 6.4;
						TestTargetID = E01084CC1B7F3D4300097E2D;
					};
					E01084F81B7F3D5B00097E2D = {
						CreatedOnToolsVersion = 6.4;
					};
					E01085051B7F3D5C00097E2D = {
						CreatedOnToolsVersion = 6.4;
					};
				};
			};
			buildConfigurationList = E01084C81B7F3D4300097E2D /* Build configuration list for PBXProject "Riderz" */;
			compatibilityVersion = "Xcode 3.2";
			developmentRegion = English;
			hasScannedForEncodings = 0;
			knownRegions = (
				en,
				Base,
			);
			mainGroup = E01084C41B7F3D4300097E2D;
			productRefGroup = E01084CE1B7F3D4300097E2D /* Products */;
			projectDirPath = "";
			projectRoot = "";
			targets = (
				E01084CC1B7F3D4300097E2D /* Riderz */,
				E01084E41B7F3D4300097E2D /* RiderzTests */,
				E01084F81B7F3D5B00097E2D /* Riderz WatchKit Extension */,
				E01085051B7F3D5C00097E2D /* Riderz WatchKit App */,
			);
		};
/* End PBXProject section */

/* Begin PBXResourcesBuildPhase section */
		E01084CB1B7F3D4300097E2D /* Resources */ = {
			isa = PBXResourcesBuildPhase;
			buildActionMask = 2147483647;
			files = (
				E01084DB1B7F3D4300097E2D /* Main.storyboard in Resources */,
				E01084E01B7F3D4300097E2D /* LaunchScreen.xib in Resources */,
				E01084DD1B7F3D4300097E2D /* Images.xcassets in Resources */,
			);
			runOnlyForDeploymentPostprocessing = 0;
		};
		E01084E31B7F3D4300097E2D /* Resources */ = {
			isa = PBXResourcesBuildPhase;
			buildActionMask = 2147483647;
			files = (
			);
			runOnlyForDeploymentPostprocessing = 0;
		};
		E01084F71B7F3D5B00097E2D /* Resources */ = {
			isa = PBXResourcesBuildPhase;
			buildActionMask = 2147483647;
			files = (
				E01085071B7F3D5C00097E2D /* Riderz WatchKit App.app in Resources */,
				E01085031B7F3D5C00097E2D /* Images.xcassets in Resources */,
			);
			runOnlyForDeploymentPostprocessing = 0;
		};
		E01085041B7F3D5C00097E2D /* Resources */ = {
			isa = PBXResourcesBuildPhase;
			buildActionMask = 2147483647;
			files = (
				E010850F1B7F3D5C00097E2D /* Interface.storyboard in Resources */,
				E01085111B7F3D5C00097E2D /* Images.xcassets in Resources */,
			);
			runOnlyForDeploymentPostprocessing = 0;
		};
/* End PBXResourcesBuildPhase section */

/* Begin PBXSourcesBuildPhase section */
		E01084C91B7F3D4300097E2D /* Sources */ = {
			isa = PBXSourcesBuildPhase;
			buildActionMask = 2147483647;
			files = (
				E01084D81B7F3D4300097E2D /* ViewController.swift in Sources */,
				E01084D31B7F3D4300097E2D /* AppDelegate.swift in Sources */,
				E01084D61B7F3D4300097E2D /* Riderz.xcdatamodeld in Sources */,
			);
			runOnlyForDeploymentPostprocessing = 0;
		};
		E01084E11B7F3D4300097E2D /* Sources */ = {
			isa = PBXSourcesBuildPhase;
			buildActionMask = 2147483647;
			files = (
				E01084EC1B7F3D4300097E2D /* RiderzTests.swift in Sources */,
			);
			runOnlyForDeploymentPostprocessing = 0;
		};
		E01084F51B7F3D5B00097E2D /* Sources */ = {
			isa = PBXSourcesBuildPhase;
			buildActionMask = 2147483647;
			files = (
				E01085011B7F3D5C00097E2D /* NotificationController.swift in Sources */,
				E01084FF1B7F3D5C00097E2D /* InterfaceController.swift in Sources */,
			);
			runOnlyForDeploymentPostprocessing = 0;
		};
/* End PBXSourcesBuildPhase section */

/* Begin PBXTargetDependency section */
		E01084E71B7F3D4300097E2D /* PBXTargetDependency */ = {
			isa = PBXTargetDependency;
			target = E01084CC1B7F3D4300097E2D /* Riderz */;
			targetProxy = E01084E61B7F3D4300097E2D /* PBXContainerItemProxy */;
		};
		E01085091B7F3D5C00097E2D /* PBXTargetDependency */ = {
			isa = PBXTargetDependency;
			target = E01085051B7F3D5C00097E2D /* Riderz WatchKit App */;
			targetProxy = E01085081B7F3D5C00097E2D /* PBXContainerItemProxy */;
		};
		E01085131B7F3D5C00097E2D /* PBXTargetDependency */ = {
			isa = PBXTargetDependency;
			target = E01084F81B7F3D5B00097E2D /* Riderz WatchKit Extension */;
			targetProxy = E01085121B7F3D5C00097E2D /* PBXContainerItemProxy */;
		};
/* End PBXTargetDependency section */

/* Begin PBXVariantGroup section */
		E01084D91B7F3D4300097E2D /* Main.storyboard */ = {
			isa = PBXVariantGroup;
			children = (
				E01084DA1B7F3D4300097E2D /* Base */,
			);
			name = Main.storyboard;
			sourceTree = "<group>";
		};
		E01084DE1B7F3D4300097E2D /* LaunchScreen.xib */ = {
			isa = PBXVariantGroup;
			children = (
				E01084DF1B7F3D4300097E2D /* Base */,
			);
			name = LaunchScreen.xib;
			sourceTree = "<group>";
		};
		E010850D1B7F3D5C00097E2D /* Interface.storyboard */ = {
			isa = PBXVariantGroup;
			children = (
				E010850E1B7F3D5C00097E2D /* Base */,
			);
			name = Interface.storyboard;
			sourceTree = "<group>";
		};
/* End PBXVariantGroup section */

/* Begin XCBuildConfiguration section */
		E01084ED1B7F3D4300097E2D /* Debug */ = {
			isa = XCBuildConfiguration;
			buildSettings = {
				ALWAYS_SEARCH_USER_PATHS = NO;
				CLANG_CXX_LANGUAGE_STANDARD = "gnu++0x";
				CLANG_CXX_LIBRARY = "libc++";
				CLANG_ENABLE_MODULES = YES;
				CLANG_ENABLE_OBJC_ARC = YES;
				CLANG_WARN_BOOL_CONVERSION = YES;
				CLANG_WARN_CONSTANT_CONVERSION = YES;
				CLANG_WARN_DIRECT_OBJC_ISA_USAGE = YES_ERROR;
				CLANG_WARN_EMPTY_BODY = YES;
				CLANG_WARN_ENUM_CONVERSION = YES;
				CLANG_WARN_INT_CONVERSION = YES;
				CLANG_WARN_OBJC_ROOT_CLASS = YES_ERROR;
				CLANG_WARN_UNREACHABLE_CODE = YES;
				CLANG_WARN__DUPLICATE_METHOD_MATCH = YES;
				"CODE_SIGN_IDENTITY[sdk=iphoneos*]" = "iPhone Developer";
				COPY_PHASE_STRIP = NO;
				DEBUG_INFORMATION_FORMAT = "dwarf-with-dsym";
				ENABLE_STRICT_OBJC_MSGSEND = YES;
				GCC_C_LANGUAGE_STANDARD = gnu99;
				GCC_DYNAMIC_NO_PIC = NO;
				GCC_NO_COMMON_BLOCKS = YES;
				GCC_OPTIMIZATION_LEVEL = 0;
				GCC_PREPROCESSOR_DEFINITIONS = (
					"DEBUG=1",
					"$(inherited)",
				);
				GCC_SYMBOLS_PRIVATE_EXTERN = NO;
				GCC_WARN_64_TO_32_BIT_CONVERSION = YES;
				GCC_WARN_ABOUT_RETURN_TYPE = YES_ERROR;
				GCC_WARN_UNDECLARED_SELECTOR = YES;
				GCC_WARN_UNINITIALIZED_AUTOS = YES_AGGRESSIVE;
				GCC_WARN_UNUSED_FUNCTION = YES;
				GCC_WARN_UNUSED_VARIABLE = YES;
				IPHONEOS_DEPLOYMENT_TARGET = 8.4;
				MTL_ENABLE_DEBUG_INFO = YES;
				ONLY_ACTIVE_ARCH = YES;
				SDKROOT = iphoneos;
				SWIFT_OPTIMIZATION_LEVEL = "-Onone";
			};
			name = Debug;
		};
		E01084EE1B7F3D4300097E2D /* Release */ = {
			isa = XCBuildConfiguration;
			buildSettings = {
				ALWAYS_SEARCH_USER_PATHS = NO;
				CLANG_CXX_LANGUAGE_STANDARD = "gnu++0x";
				CLANG_CXX_LIBRARY = "libc++";
				CLANG_ENABLE_MODULES = YES;
				CLANG_ENABLE_OBJC_ARC = YES;
				CLANG_WARN_BOOL_CONVERSION = YES;
				CLANG_WARN_CONSTANT_CONVERSION = YES;
				CLANG_WARN_DIRECT_OBJC_ISA_USAGE = YES_ERROR;
				CLANG_WARN_EMPTY_BODY = YES;
				CLANG_WARN_ENUM_CONVERSION = YES;
				CLANG_WARN_INT_CONVERSION = YES;
				CLANG_WARN_OBJC_ROOT_CLASS = YES_ERROR;
				CLANG_WARN_UNREACHABLE_CODE = YES;
				CLANG_WARN__DUPLICATE_METHOD_MATCH = YES;
				"CODE_SIGN_IDENTITY[sdk=iphoneos*]" = "iPhone Developer";
				COPY_PHASE_STRIP = NO;
				DEBUG_INFORMATION_FORMAT = "dwarf-with-dsym";
				ENABLE_NS_ASSERTIONS = NO;
				ENABLE_STRICT_OBJC_MSGSEND = YES;
				GCC_C_LANGUAGE_STANDARD = gnu99;
				GCC_NO_COMMON_BLOCKS = YES;
				GCC_WARN_64_TO_32_BIT_CONVERSION = YES;
				GCC_WARN_ABOUT_RETURN_TYPE = YES_ERROR;
				GCC_WARN_UNDECLARED_SELECTOR = YES;
				GCC_WARN_UNINITIALIZED_AUTOS = YES_AGGRESSIVE;
				GCC_WARN_UNUSED_FUNCTION = YES;
				GCC_WARN_UNUSED_VARIABLE = YES;
				IPHONEOS_DEPLOYMENT_TARGET = 8.4;
				MTL_ENABLE_DEBUG_INFO = NO;
				SDKROOT = iphoneos;
				VALIDATE_PRODUCT = YES;
			};
			name = Release;
		};
		E01084F01B7F3D4300097E2D /* Debug */ = {
			isa = XCBuildConfiguration;
			buildSettings = {
				ASSETCATALOG_COMPILER_APPICON_NAME = AppIcon;
				CLANG_ENABLE_MODULES = YES;
				INFOPLIST_FILE = Riderz/Info.plist;
				LD_RUNPATH_SEARCH_PATHS = "$(inherited) @executable_path/Frameworks";
				PRODUCT_NAME = "$(TARGET_NAME)";
				SWIFT_OBJC_BRIDGING_HEADER = "Riderz/Riderz-Bridging-Header.h";
				SWIFT_OPTIMIZATION_LEVEL = "-Onone";
			};
			name = Debug;
		};
		E01084F11B7F3D4300097E2D /* Release */ = {
			isa = XCBuildConfiguration;
			buildSettings = {
				ASSETCATALOG_COMPILER_APPICON_NAME = AppIcon;
				CLANG_ENABLE_MODULES = YES;
				INFOPLIST_FILE = Riderz/Info.plist;
				LD_RUNPATH_SEARCH_PATHS = "$(inherited) @executable_path/Frameworks";
				PRODUCT_NAME = "$(TARGET_NAME)";
				SWIFT_OBJC_BRIDGING_HEADER = "Riderz/Riderz-Bridging-Header.h";
			};
			name = Release;
		};
		E01084F31B7F3D4300097E2D /* Debug */ = {
			isa = XCBuildConfiguration;
			buildSettings = {
				BUNDLE_LOADER = "$(TEST_HOST)";
				FRAMEWORK_SEARCH_PATHS = (
					"$(SDKROOT)/Developer/Library/Frameworks",
					"$(inherited)",
				);
				GCC_PREPROCESSOR_DEFINITIONS = (
					"DEBUG=1",
					"$(inherited)",
				);
				INFOPLIST_FILE = RiderzTests/Info.plist;
				LD_RUNPATH_SEARCH_PATHS = "$(inherited) @executable_path/Frameworks @loader_path/Frameworks";
				PRODUCT_NAME = "$(TARGET_NAME)";
				TEST_HOST = "$(BUILT_PRODUCTS_DIR)/Riderz.app/Riderz";
			};
			name = Debug;
		};
		E01084F41B7F3D4300097E2D /* Release */ = {
			isa = XCBuildConfiguration;
			buildSettings = {
				BUNDLE_LOADER = "$(TEST_HOST)";
				FRAMEWORK_SEARCH_PATHS = (
					"$(SDKROOT)/Developer/Library/Frameworks",
					"$(inherited)",
				);
				INFOPLIST_FILE = RiderzTests/Info.plist;
				LD_RUNPATH_SEARCH_PATHS = "$(inherited) @executable_path/Frameworks @loader_path/Frameworks";
				PRODUCT_NAME = "$(TARGET_NAME)";
				TEST_HOST = "$(BUILT_PRODUCTS_DIR)/Riderz.app/Riderz";
			};
			name = Release;
		};
		E01085161B7F3D5C00097E2D /* Debug */ = {
			isa = XCBuildConfiguration;
			buildSettings = {
				ASSETCATALOG_COMPILER_APPICON_NAME = AppIcon;
				GCC_PREPROCESSOR_DEFINITIONS = (
					"DEBUG=1",
					"$(inherited)",
				);
				IBSC_MODULE = Riderz_WatchKit_Extension;
				INFOPLIST_FILE = "Riderz WatchKit App/Info.plist";
				IPHONEOS_DEPLOYMENT_TARGET = 8.2;
				PRODUCT_NAME = "$(TARGET_NAME)";
				SKIP_INSTALL = YES;
				TARGETED_DEVICE_FAMILY = 4;
				"TARGETED_DEVICE_FAMILY[sdk=iphonesimulator*]" = "1,4";
			};
			name = Debug;
		};
		E01085171B7F3D5C00097E2D /* Release */ = {
			isa = XCBuildConfiguration;
			buildSettings = {
				ASSETCATALOG_COMPILER_APPICON_NAME = AppIcon;
				IBSC_MODULE = Riderz_WatchKit_Extension;
				INFOPLIST_FILE = "Riderz WatchKit App/Info.plist";
				IPHONEOS_DEPLOYMENT_TARGET = 8.2;
				PRODUCT_NAME = "$(TARGET_NAME)";
				SKIP_INSTALL = YES;
				TARGETED_DEVICE_FAMILY = 4;
				"TARGETED_DEVICE_FAMILY[sdk=iphonesimulator*]" = "1,4";
			};
			name = Release;
		};
		E01085191B7F3D5C00097E2D /* Debug */ = {
			isa = XCBuildConfiguration;
			buildSettings = {
				GCC_PREPROCESSOR_DEFINITIONS = (
					"DEBUG=1",
					"$(inherited)",
				);
				INFOPLIST_FILE = "Riderz WatchKit Extension/Info.plist";
				LD_RUNPATH_SEARCH_PATHS = "$(inherited) @executable_path/Frameworks @executable_path/../../Frameworks";
				PRODUCT_NAME = "${TARGET_NAME}";
				SKIP_INSTALL = YES;
			};
			name = Debug;
		};
		E010851A1B7F3D5C00097E2D /* Release */ = {
			isa = XCBuildConfiguration;
			buildSettings = {
				INFOPLIST_FILE = "Riderz WatchKit Extension/Info.plist";
				LD_RUNPATH_SEARCH_PATHS = "$(inherited) @executable_path/Frameworks @executable_path/../../Frameworks";
				PRODUCT_NAME = "${TARGET_NAME}";
				SKIP_INSTALL = YES;
			};
			name = Release;
		};
/* End XCBuildConfiguration section */

/* Begin XCConfigurationList section */
		E01084C81B7F3D4300097E2D /* Build configuration list for PBXProject "Riderz" */ = {
			isa = XCConfigurationList;
			buildConfigurations = (
				E01084ED1B7F3D4300097E2D /* Debug */,
				E01084EE1B7F3D4300097E2D /* Release */,
			);
			defaultConfigurationIsVisible = 0;
			defaultConfigurationName = Release;
		};
		E01084EF1B7F3D4300097E2D /* Build configuration list for PBXNativeTarget "Riderz" */ = {
			isa = XCConfigurationList;
			buildConfigurations = (
				E01084F01B7F3D4300097E2D /* Debug */,
				E01084F11B7F3D4300097E2D /* Release */,
			);
			defaultConfigurationIsVisible = 0;
			defaultConfigurationName = Release;
		};
		E01084F21B7F3D4300097E2D /* Build configuration list for PBXNativeTarget "RiderzTests" */ = {
			isa = XCConfigurationList;
			buildConfigurations = (
				E01084F31B7F3D4300097E2D /* Debug */,
				E01084F41B7F3D4300097E2D /* Release */,
			);
			defaultConfigurationIsVisible = 0;
			defaultConfigurationName = Release;
		};
		E01085151B7F3D5C00097E2D /* Build configuration list for PBXNativeTarget "Riderz WatchKit App" */ = {
			isa = XCConfigurationList;
			buildConfigurations = (
				E01085161B7F3D5C00097E2D /* Debug */,
				E01085171B7F3D5C00097E2D /* Release */,
			);
			defaultConfigurationIsVisible = 0;
			defaultConfigurationName = Release;
		};
		E01085181B7F3D5C00097E2D /* Build configuration list for PBXNativeTarget "Riderz WatchKit Extension" */ = {
			isa = XCConfigurationList;
			buildConfigurations = (
				E01085191B7F3D5C00097E2D /* Debug */,
				E010851A1B7F3D5C00097E2D /* Release */,
			);
			defaultConfigurationIsVisible = 0;
			defaultConfigurationName = Release;
		};
/* End XCConfigurationList section */

/* Begin XCVersionGroup section */
		E01084D41B7F3D4300097E2D /* Riderz.xcdatamodeld */ = {
			isa = XCVersionGroup;
			children = (
				E01084D51B7F3D4300097E2D /* Riderz.xcdatamodel */,
			);
			currentVersion = E01084D51B7F3D4300097E2D /* Riderz.xcdatamodel */;
			path = Riderz.xcdatamodeld;
			sourceTree = "<group>";
			versionGroupType = wrapper.xcdatamodel;
		};
/* End XCVersionGroup section */
	};
	rootObject = E01084C51B7F3D4300097E2D /* Project object */;
}
